# This file is automatically @generated by Cargo.
# It is not intended for manual editing.
version = 4

[[package]]
name = "ace_browser"
version = "0.1.0"

[[package]]
name = "ace_core"
version = "0.1.0"

[[package]]
name = "ace_data_models"
version = "0.1.0"

[[package]]
name = "ace_dom"
version = "0.1.0"

[[package]]
name = "ace_ipc"
version = "0.1.0"

[[package]]
name = "ace_js"
version = "0.1.0"

[[package]]
name = "ace_layout"
version = "0.1.0"

[[package]]
name = "ace_media"
version = "0.1.0"

[[package]]
name = "ace_net"
version = "0.1.0"
dependencies = [
 "ace_core",
]

[[package]]
name = "ace_render"
version = "0.1.0"

[[package]]
name = "ace_storage"
version = "0.1.0"

[[package]]
name = "ace_style"
version = "0.1.0"

[[package]]
name = "ace_test_driver"
version = "0.1.0"
